
Microsoft Visual Studio Solution File, Format Version 12.00
# Visual Studio Version 17
VisualStudioVersion = 17.12.35707.178
MinimumVisualStudioVersion = 10.0.40219.1
Project("{FAE04EC0-301F-11D3-BF4B-00C04F79EFBC}") = "BLGargamelLibrary", "GargamelLibrary1\BLGargamelLibrary.csproj", "{26ACAD1D-0A0F-4CE2-95D1-F0A8218E6ED8}"
EndProject
Project("{FAE04EC0-301F-11D3-BF4B-00C04F79EFBC}") = "DALGargamelLibrary", "DALGargamelLibrary\DALGargamelLibrary.csproj", "{F0427B2A-4D89-448F-9B57-6FEF8C2D0784}"
EndProject
Project("{FAE04EC0-301F-11D3-BF4B-00C04F79EFBC}") = "GargmelWinForms", "GargmelWinForms\GargmelWinForms.csproj", "{1651BD23-B455-4BCC-9C25-AC5EFE3CA6E4}"
EndProject
Project("{2150E333-8FDC-42A3-9474-1A3956D46DE8}") = "Solution Items", "Solution Items", "{8EC462FD-D22E-90A8-E5CE-7E832BA40C5D}"
	ProjectSection(SolutionItems) = preProject
		bg1.jpg = bg1.jpg
		bg2.jpg = bg2.jpg
		book1.jpg = book1.jpg
		book2.jpg = book2.jpg
		book3.jpg = book3.jpg
		book4.jpg = book4.jpg
		book5.jpg = book5.jpg
		book6.jpg = book6.jpg
		book7.jpg = book7.jpg
		book8.jpg = book8.jpg
		client.jpg = client.jpg
		client2.jpg = client2.jpg
		client3.jpg = client3.jpg
		client4.jpg = client4.jpg
		ingredient1.jpg = ingredient1.jpg
		ingredient3.jpg = ingredient3.jpg
		ingredient5.jpg = ingredient5.jpg
		ingredient6.jpg = ingredient6.jpg
		ingredient7.jpg = ingredient7.jpg
		smurfs1.jpg = smurfs1.jpg
		smurfs6.png = smurfs6.png
		smurfs7.png = smurfs7.png
		smurfs8.png = smurfs8.png
		smurfs9.png = smurfs9.png
	EndProjectSection
EndProject
Global
	GlobalSection(SolutionConfigurationPlatforms) = preSolution
		Debug|Any CPU = Debug|Any CPU
		Release|Any CPU = Release|Any CPU
	EndGlobalSection
	GlobalSection(ProjectConfigurationPlatforms) = postSolution
		{26ACAD1D-0A0F-4CE2-95D1-F0A8218E6ED8}.Debug|Any CPU.ActiveCfg = Debug|Any CPU
		{26ACAD1D-0A0F-4CE2-95D1-F0A8218E6ED8}.Debug|Any CPU.Build.0 = Debug|Any CPU
		{26ACAD1D-0A0F-4CE2-95D1-F0A8218E6ED8}.Release|Any CPU.ActiveCfg = Release|Any CPU
		{26ACAD1D-0A0F-4CE2-95D1-F0A8218E6ED8}.Release|Any CPU.Build.0 = Release|Any CPU
		{F0427B2A-4D89-448F-9B57-6FEF8C2D0784}.Debug|Any CPU.ActiveCfg = Debug|Any CPU
		{F0427B2A-4D89-448F-9B57-6FEF8C2D0784}.Debug|Any CPU.Build.0 = Debug|Any CPU
		{F0427B2A-4D89-448F-9B57-6FEF8C2D0784}.Release|Any CPU.ActiveCfg = Release|Any CPU
		{F0427B2A-4D89-448F-9B57-6FEF8C2D0784}.Release|Any CPU.Build.0 = Release|Any CPU
		{1651BD23-B455-4BCC-9C25-AC5EFE3CA6E4}.Debug|Any CPU.ActiveCfg = Debug|Any CPU
		{1651BD23-B455-4BCC-9C25-AC5EFE3CA6E4}.Debug|Any CPU.Build.0 = Debug|Any CPU
		{1651BD23-B455-4BCC-9C25-AC5EFE3CA6E4}.Release|Any CPU.ActiveCfg = Release|Any CPU
		{1651BD23-B455-4BCC-9C25-AC5EFE3CA6E4}.Release|Any CPU.Build.0 = Release|Any CPU
	EndGlobalSection
	GlobalSection(SolutionProperties) = preSolution
		HideSolutionNode = FALSE
	EndGlobalSection
	GlobalSection(ExtensibilityGlobals) = postSolution
		SolutionGuid = {5376AC99-F333-4718-AFC3-6D017CF20D2C}
	EndGlobalSection
EndGlobal
